
Microsoft Visual Studio Solution File, Format Version 12.00
# Visual Studio 15
VisualStudioVersion = 15.0.28010.2046
MinimumVisualStudioVersion = 10.0.40219.1
Project("{FAE04EC0-301F-11D3-BF4B-00C04F79EFBC}") = "qualityBackup", "qualityBackup\qualityBackup.csproj", "{AB61C95B-BE5A-4C9F-990F-1EDCF2C03DAA}"
EndProject
Global
	GlobalSection(SolutionConfigurationPlatforms) = preSolution
		Debug|Any CPU = Debug|Any CPU
		Release|Any CPU = Release|Any CPU
		Testing|Any CPU = Testing|Any CPU
	EndGlobalSection
	GlobalSection(ProjectConfigurationPlatforms) = postSolution
		{AB61C95B-BE5A-4C9F-990F-1EDCF2C03DAA}.Debug|Any CPU.ActiveCfg = Debug|Any CPU
		{AB61C95B-BE5A-4C9F-990F-1EDCF2C03DAA}.Debug|Any CPU.Build.0 = Debug|Any CPU
		{AB61C95B-BE5A-4C9F-990F-1EDCF2C03DAA}.Release|Any CPU.ActiveCfg = Release|Any CPU
		{AB61C95B-BE5A-4C9F-990F-1EDCF2C03DAA}.Release|Any CPU.Build.0 = Release|Any CPU
		{AB61C95B-BE5A-4C9F-990F-1EDCF2C03DAA}.Testing|Any CPU.ActiveCfg = Testing|Any CPU
		{AB61C95B-BE5A-4C9F-990F-1EDCF2C03DAA}.Testing|Any CPU.Build.0 = Testing|Any CPU
	EndGlobalSection
	GlobalSection(SolutionProperties) = preSolution
		HideSolutionNode = FALSE
	EndGlobalSection
	GlobalSection(ExtensibilityGlobals) = postSolution
		SolutionGuid = {AC22F32B-2D2B-405A-A97C-C951A477BB7A}
	EndGlobalSection
EndGlobal
